
Microsoft Visual Studio Solution File, Format Version 12.00
# Visual Studio 15
VisualStudioVersion = 15.0.28307.168
MinimumVisualStudioVersion = 10.0.40219.1
Project("{FAE04EC0-301F-11D3-BF4B-00C04F79EFBC}") = "两数相加", "两数相加\两数相加.csproj", "{1D5A2542-6CD5-4BEA-95E2-1C1C49CC8A33}"
EndProject
Global
	GlobalSection(SolutionConfigurationPlatforms) = preSolution
		Debug|Any CPU = Debug|Any CPU
		Release|Any CPU = Release|Any CPU
	EndGlobalSection
	GlobalSection(ProjectConfigurationPlatforms) = postSolution
		{1D5A2542-6CD5-4BEA-95E2-1C1C49CC8A33}.Debug|Any CPU.ActiveCfg = Debug|Any CPU
		{1D5A2542-6CD5-4BEA-95E2-1C1C49CC8A33}.Debug|Any CPU.Build.0 = Debug|Any CPU
		{1D5A2542-6CD5-4BEA-95E2-1C1C49CC8A33}.Release|Any CPU.ActiveCfg = Release|Any CPU
		{1D5A2542-6CD5-4BEA-95E2-1C1C49CC8A33}.Release|Any CPU.Build.0 = Release|Any CPU
	EndGlobalSection
	GlobalSection(SolutionProperties) = preSolution
		HideSolutionNode = FALSE
	EndGlobalSection
	GlobalSection(ExtensibilityGlobals) = postSolution
		SolutionGuid = {B05F80D3-945E-431C-9411-B59A7785BE79}
	EndGlobalSection
EndGlobal
