
Microsoft Visual Studio Solution File, Format Version 12.00
# Visual Studio 15
VisualStudioVersion = 15.0.28307.168
MinimumVisualStudioVersion = 10.0.40219.1
Project("{FAE04EC0-301F-11D3-BF4B-00C04F79EFBC}") = "设计哈希集合", "设计哈希集合\设计哈希集合.csproj", "{669A4218-7F54-4E34-90A8-A006A60DE9B5}"
EndProject
Global
	GlobalSection(SolutionConfigurationPlatforms) = preSolution
		Debug|Any CPU = Debug|Any CPU
		Release|Any CPU = Release|Any CPU
	EndGlobalSection
	GlobalSection(ProjectConfigurationPlatforms) = postSolution
		{669A4218-7F54-4E34-90A8-A006A60DE9B5}.Debug|Any CPU.ActiveCfg = Debug|Any CPU
		{669A4218-7F54-4E34-90A8-A006A60DE9B5}.Debug|Any CPU.Build.0 = Debug|Any CPU
		{669A4218-7F54-4E34-90A8-A006A60DE9B5}.Release|Any CPU.ActiveCfg = Release|Any CPU
		{669A4218-7F54-4E34-90A8-A006A60DE9B5}.Release|Any CPU.Build.0 = Release|Any CPU
	EndGlobalSection
	GlobalSection(SolutionProperties) = preSolution
		HideSolutionNode = FALSE
	EndGlobalSection
	GlobalSection(ExtensibilityGlobals) = postSolution
		SolutionGuid = {A9187A4A-6E7F-49B4-A2A0-3D765A86A4DD}
	EndGlobalSection
EndGlobal
