
Microsoft Visual Studio Solution File, Format Version 12.00
# Visual Studio 15
VisualStudioVersion = 15.0.28307.168
MinimumVisualStudioVersion = 10.0.40219.1
Project("{FAE04EC0-301F-11D3-BF4B-00C04F79EFBC}") = "反转链表", "反转链表\反转链表.csproj", "{F21867AF-F241-4E8F-B201-E4E50BF51622}"
EndProject
Global
	GlobalSection(SolutionConfigurationPlatforms) = preSolution
		Debug|Any CPU = Debug|Any CPU
		Release|Any CPU = Release|Any CPU
	EndGlobalSection
	GlobalSection(ProjectConfigurationPlatforms) = postSolution
		{F21867AF-F241-4E8F-B201-E4E50BF51622}.Debug|Any CPU.ActiveCfg = Debug|Any CPU
		{F21867AF-F241-4E8F-B201-E4E50BF51622}.Debug|Any CPU.Build.0 = Debug|Any CPU
		{F21867AF-F241-4E8F-B201-E4E50BF51622}.Release|Any CPU.ActiveCfg = Release|Any CPU
		{F21867AF-F241-4E8F-B201-E4E50BF51622}.Release|Any CPU.Build.0 = Release|Any CPU
	EndGlobalSection
	GlobalSection(SolutionProperties) = preSolution
		HideSolutionNode = FALSE
	EndGlobalSection
	GlobalSection(ExtensibilityGlobals) = postSolution
		SolutionGuid = {BF71384A-3B2B-4714-8133-F00BEB4B92CB}
	EndGlobalSection
EndGlobal
