
Microsoft Visual Studio Solution File, Format Version 12.00
# Visual Studio 15
VisualStudioVersion = 15.0.28307.168
MinimumVisualStudioVersion = 10.0.40219.1
Project("{FAE04EC0-301F-11D3-BF4B-00C04F79EFBC}") = "两个列表的最小索引总和", "两个列表的最小索引总和\两个列表的最小索引总和.csproj", "{3FF66810-712F-467F-9E77-BA0B97754D24}"
EndProject
Global
	GlobalSection(SolutionConfigurationPlatforms) = preSolution
		Debug|Any CPU = Debug|Any CPU
		Release|Any CPU = Release|Any CPU
	EndGlobalSection
	GlobalSection(ProjectConfigurationPlatforms) = postSolution
		{3FF66810-712F-467F-9E77-BA0B97754D24}.Debug|Any CPU.ActiveCfg = Debug|Any CPU
		{3FF66810-712F-467F-9E77-BA0B97754D24}.Debug|Any CPU.Build.0 = Debug|Any CPU
		{3FF66810-712F-467F-9E77-BA0B97754D24}.Release|Any CPU.ActiveCfg = Release|Any CPU
		{3FF66810-712F-467F-9E77-BA0B97754D24}.Release|Any CPU.Build.0 = Release|Any CPU
	EndGlobalSection
	GlobalSection(SolutionProperties) = preSolution
		HideSolutionNode = FALSE
	EndGlobalSection
	GlobalSection(ExtensibilityGlobals) = postSolution
		SolutionGuid = {3518DF42-1B9B-404D-A439-E93D9F40DC0E}
	EndGlobalSection
EndGlobal
