
Microsoft Visual Studio Solution File, Format Version 12.00
# Visual Studio 15
VisualStudioVersion = 15.0.28307.168
MinimumVisualStudioVersion = 10.0.40219.1
Project("{FAE04EC0-301F-11D3-BF4B-00C04F79EFBC}") = "快乐数", "快乐数\快乐数.csproj", "{05439375-D6B2-435B-AC31-492E1B5FB073}"
EndProject
Global
	GlobalSection(SolutionConfigurationPlatforms) = preSolution
		Debug|Any CPU = Debug|Any CPU
		Release|Any CPU = Release|Any CPU
	EndGlobalSection
	GlobalSection(ProjectConfigurationPlatforms) = postSolution
		{05439375-D6B2-435B-AC31-492E1B5FB073}.Debug|Any CPU.ActiveCfg = Debug|Any CPU
		{05439375-D6B2-435B-AC31-492E1B5FB073}.Debug|Any CPU.Build.0 = Debug|Any CPU
		{05439375-D6B2-435B-AC31-492E1B5FB073}.Release|Any CPU.ActiveCfg = Release|Any CPU
		{05439375-D6B2-435B-AC31-492E1B5FB073}.Release|Any CPU.Build.0 = Release|Any CPU
	EndGlobalSection
	GlobalSection(SolutionProperties) = preSolution
		HideSolutionNode = FALSE
	EndGlobalSection
	GlobalSection(ExtensibilityGlobals) = postSolution
		SolutionGuid = {47BD0BC9-D453-4AF5-BDCC-9D9326A49D0B}
	EndGlobalSection
EndGlobal
