
Microsoft Visual Studio Solution File, Format Version 12.00
# Visual Studio 15
VisualStudioVersion = 15.0.28307.168
MinimumVisualStudioVersion = 10.0.40219.1
Project("{FAE04EC0-301F-11D3-BF4B-00C04F79EFBC}") = "反转字符串中的单词 III", "反转字符串中的单词 III\反转字符串中的单词 III.csproj", "{BF02FFCF-DD3F-4D7E-999A-D6F1504BD112}"
EndProject
Global
	GlobalSection(SolutionConfigurationPlatforms) = preSolution
		Debug|Any CPU = Debug|Any CPU
		Release|Any CPU = Release|Any CPU
	EndGlobalSection
	GlobalSection(ProjectConfigurationPlatforms) = postSolution
		{BF02FFCF-DD3F-4D7E-999A-D6F1504BD112}.Debug|Any CPU.ActiveCfg = Debug|Any CPU
		{BF02FFCF-DD3F-4D7E-999A-D6F1504BD112}.Debug|Any CPU.Build.0 = Debug|Any CPU
		{BF02FFCF-DD3F-4D7E-999A-D6F1504BD112}.Release|Any CPU.ActiveCfg = Release|Any CPU
		{BF02FFCF-DD3F-4D7E-999A-D6F1504BD112}.Release|Any CPU.Build.0 = Release|Any CPU
	EndGlobalSection
	GlobalSection(SolutionProperties) = preSolution
		HideSolutionNode = FALSE
	EndGlobalSection
	GlobalSection(ExtensibilityGlobals) = postSolution
		SolutionGuid = {FCBF38D4-0986-4F98-8F90-8B3A4C91C535}
	EndGlobalSection
EndGlobal
