
Microsoft Visual Studio Solution File, Format Version 12.00
# Visual Studio 15
VisualStudioVersion = 15.0.28307.168
MinimumVisualStudioVersion = 10.0.40219.1
Project("{FAE04EC0-301F-11D3-BF4B-00C04F79EFBC}") = "翻转字符串里的单词", "翻转字符串里的单词\翻转字符串里的单词.csproj", "{1A9A1E3A-D6EB-4BE1-80A1-238F9F2F726A}"
EndProject
Global
	GlobalSection(SolutionConfigurationPlatforms) = preSolution
		Debug|Any CPU = Debug|Any CPU
		Release|Any CPU = Release|Any CPU
	EndGlobalSection
	GlobalSection(ProjectConfigurationPlatforms) = postSolution
		{1A9A1E3A-D6EB-4BE1-80A1-238F9F2F726A}.Debug|Any CPU.ActiveCfg = Debug|Any CPU
		{1A9A1E3A-D6EB-4BE1-80A1-238F9F2F726A}.Debug|Any CPU.Build.0 = Debug|Any CPU
		{1A9A1E3A-D6EB-4BE1-80A1-238F9F2F726A}.Release|Any CPU.ActiveCfg = Release|Any CPU
		{1A9A1E3A-D6EB-4BE1-80A1-238F9F2F726A}.Release|Any CPU.Build.0 = Release|Any CPU
	EndGlobalSection
	GlobalSection(SolutionProperties) = preSolution
		HideSolutionNode = FALSE
	EndGlobalSection
	GlobalSection(ExtensibilityGlobals) = postSolution
		SolutionGuid = {25799F02-2C67-41AE-863C-E714D44A938C}
	EndGlobalSection
EndGlobal
